
Microsoft Visual Studio Solution File, Format Version 12.00
# Visual Studio Version 17
VisualStudioVersion = 17.12.35707.178
MinimumVisualStudioVersion = 10.0.40219.1
Project("{FAE04EC0-301F-11D3-BF4B-00C04F79EFBC}") = "Listening.Main.WebApi", "WPEnglish\Listening.Main.WebApi.csproj", "{36B660D7-6CE3-49AF-93CC-E8B932893546}"
EndProject
Project("{FAE04EC0-301F-11D3-BF4B-00C04F79EFBC}") = "FileService.WebApi", "FileService\FileService.WebApi.csproj", "{112DEC3F-A7AF-48D2-ADB3-7406D349833F}"
EndProject
Project("{2150E333-8FDC-42A3-9474-1A3956D46DE8}") = "FileService", "FileService", "{C8E3A47F-8C24-4001-B688-13012BB82152}"
EndProject
Project("{FAE04EC0-301F-11D3-BF4B-00C04F79EFBC}") = "FileService.Domain", "FileService.Domain\FileService.Domain.csproj", "{AA220FAD-C714-4DA3-B4E2-BB8B735B2CA1}"
EndProject
Project("{FAE04EC0-301F-11D3-BF4B-00C04F79EFBC}") = "FileService.Infrastructure", "FileService.Infrastructure\FileService.Infrastructure.csproj", "{03E0138F-A92B-4D2E-8E1D-2A1F5CBF0863}"
EndProject
Project("{2150E333-8FDC-42A3-9474-1A3956D46DE8}") = "Commons", "Commons", "{B8D70E0C-53C9-4496-AA1C-D7AF3A47B119}"
EndProject
Project("{FAE04EC0-301F-11D3-BF4B-00C04F79EFBC}") = "Commons", "HashHelper\Commons.csproj", "{FC9E25D2-7E21-4F15-8AF4-AD1D50FEC824}"
EndProject
Project("{2150E333-8FDC-42A3-9474-1A3956D46DE8}") = "ListeningService", "ListeningService", "{34647E83-E7D4-4EF4-9F77-693455619B3A}"
EndProject
Project("{FAE04EC0-301F-11D3-BF4B-00C04F79EFBC}") = "Listening.Admin.WebApi", "Listening.Admin.WebApi\Listening.Admin.WebApi.csproj", "{6B6CA186-5162-4BB7-8302-3BB9E4125D6E}"
EndProject
Project("{FAE04EC0-301F-11D3-BF4B-00C04F79EFBC}") = "Listening.Domain", "Listening.Domain\Listening.Domain.csproj", "{2A10873E-E4DF-45F9-BE19-6AF189EE4E57}"
EndProject
Project("{FAE04EC0-301F-11D3-BF4B-00C04F79EFBC}") = "Listening.Infrastructure", "Listening.Infrastructure\Listening.Infrastructure.csproj", "{D9A4297D-3011-457A-97FA-F0A59297D3BE}"
EndProject
Project("{FAE04EC0-301F-11D3-BF4B-00C04F79EFBC}") = "Infrastructure", "Infrastructure\Infrastructure.csproj", "{7F6B6A9A-67E6-4C63-B05C-56CEAB404309}"
EndProject
Project("{2150E333-8FDC-42A3-9474-1A3956D46DE8}") = "IdentityServer", "IdentityServer", "{2B0881A3-3E9E-4777-869F-83330D357B6B}"
EndProject
Project("{FAE04EC0-301F-11D3-BF4B-00C04F79EFBC}") = "IdentityServer.Domain", "IdentityServer.Domain\IdentityServer.Domain.csproj", "{91FCAE86-83FE-4DD5-8186-98137558F617}"
EndProject
Project("{FAE04EC0-301F-11D3-BF4B-00C04F79EFBC}") = "JWT", "JWT\JWT.csproj", "{2639852C-0555-49B5-A873-C0DA6C742595}"
EndProject
Project("{FAE04EC0-301F-11D3-BF4B-00C04F79EFBC}") = "IdentityServer.Infrastructure", "IdentityServer.Infrastructure\IdentityServer.Infrastructure.csproj", "{A8EFE499-CEA7-4F9C-A6F6-AA0EB90379A9}"
EndProject
Project("{FAE04EC0-301F-11D3-BF4B-00C04F79EFBC}") = "DomainCommons", "DomainCommons\DomainCommons.csproj", "{C2525146-7300-4034-9397-1FA58E39A3FE}"
EndProject
Project("{FAE04EC0-301F-11D3-BF4B-00C04F79EFBC}") = "IdentitServer.WebApi", "IdentitServer.WebApi\IdentitServer.WebApi.csproj", "{B1B72523-C768-4F00-B84F-3E8A48D48B8F}"
EndProject
Project("{FAE04EC0-301F-11D3-BF4B-00C04F79EFBC}") = "CommonInitializer", "CommonInitializer\CommonInitializer.csproj", "{D10889CF-9080-4F21-B6D0-58F791E41339}"
EndProject
Global
	GlobalSection(SolutionConfigurationPlatforms) = preSolution
		Debug|Any CPU = Debug|Any CPU
		Release|Any CPU = Release|Any CPU
	EndGlobalSection
	GlobalSection(ProjectConfigurationPlatforms) = postSolution
		{36B660D7-6CE3-49AF-93CC-E8B932893546}.Debug|Any CPU.ActiveCfg = Debug|Any CPU
		{36B660D7-6CE3-49AF-93CC-E8B932893546}.Debug|Any CPU.Build.0 = Debug|Any CPU
		{36B660D7-6CE3-49AF-93CC-E8B932893546}.Release|Any CPU.ActiveCfg = Release|Any CPU
		{36B660D7-6CE3-49AF-93CC-E8B932893546}.Release|Any CPU.Build.0 = Release|Any CPU
		{112DEC3F-A7AF-48D2-ADB3-7406D349833F}.Debug|Any CPU.ActiveCfg = Debug|Any CPU
		{112DEC3F-A7AF-48D2-ADB3-7406D349833F}.Debug|Any CPU.Build.0 = Debug|Any CPU
		{112DEC3F-A7AF-48D2-ADB3-7406D349833F}.Release|Any CPU.ActiveCfg = Release|Any CPU
		{112DEC3F-A7AF-48D2-ADB3-7406D349833F}.Release|Any CPU.Build.0 = Release|Any CPU
		{AA220FAD-C714-4DA3-B4E2-BB8B735B2CA1}.Debug|Any CPU.ActiveCfg = Debug|Any CPU
		{AA220FAD-C714-4DA3-B4E2-BB8B735B2CA1}.Debug|Any CPU.Build.0 = Debug|Any CPU
		{AA220FAD-C714-4DA3-B4E2-BB8B735B2CA1}.Release|Any CPU.ActiveCfg = Release|Any CPU
		{AA220FAD-C714-4DA3-B4E2-BB8B735B2CA1}.Release|Any CPU.Build.0 = Release|Any CPU
		{03E0138F-A92B-4D2E-8E1D-2A1F5CBF0863}.Debug|Any CPU.ActiveCfg = Debug|Any CPU
		{03E0138F-A92B-4D2E-8E1D-2A1F5CBF0863}.Debug|Any CPU.Build.0 = Debug|Any CPU
		{03E0138F-A92B-4D2E-8E1D-2A1F5CBF0863}.Release|Any CPU.ActiveCfg = Release|Any CPU
		{03E0138F-A92B-4D2E-8E1D-2A1F5CBF0863}.Release|Any CPU.Build.0 = Release|Any CPU
		{FC9E25D2-7E21-4F15-8AF4-AD1D50FEC824}.Debug|Any CPU.ActiveCfg = Debug|Any CPU
		{FC9E25D2-7E21-4F15-8AF4-AD1D50FEC824}.Debug|Any CPU.Build.0 = Debug|Any CPU
		{FC9E25D2-7E21-4F15-8AF4-AD1D50FEC824}.Release|Any CPU.ActiveCfg = Release|Any CPU
		{FC9E25D2-7E21-4F15-8AF4-AD1D50FEC824}.Release|Any CPU.Build.0 = Release|Any CPU
		{6B6CA186-5162-4BB7-8302-3BB9E4125D6E}.Debug|Any CPU.ActiveCfg = Debug|Any CPU
		{6B6CA186-5162-4BB7-8302-3BB9E4125D6E}.Debug|Any CPU.Build.0 = Debug|Any CPU
		{6B6CA186-5162-4BB7-8302-3BB9E4125D6E}.Release|Any CPU.ActiveCfg = Release|Any CPU
		{6B6CA186-5162-4BB7-8302-3BB9E4125D6E}.Release|Any CPU.Build.0 = Release|Any CPU
		{2A10873E-E4DF-45F9-BE19-6AF189EE4E57}.Debug|Any CPU.ActiveCfg = Debug|Any CPU
		{2A10873E-E4DF-45F9-BE19-6AF189EE4E57}.Debug|Any CPU.Build.0 = Debug|Any CPU
		{2A10873E-E4DF-45F9-BE19-6AF189EE4E57}.Release|Any CPU.ActiveCfg = Release|Any CPU
		{2A10873E-E4DF-45F9-BE19-6AF189EE4E57}.Release|Any CPU.Build.0 = Release|Any CPU
		{D9A4297D-3011-457A-97FA-F0A59297D3BE}.Debug|Any CPU.ActiveCfg = Debug|Any CPU
		{D9A4297D-3011-457A-97FA-F0A59297D3BE}.Debug|Any CPU.Build.0 = Debug|Any CPU
		{D9A4297D-3011-457A-97FA-F0A59297D3BE}.Release|Any CPU.ActiveCfg = Release|Any CPU
		{D9A4297D-3011-457A-97FA-F0A59297D3BE}.Release|Any CPU.Build.0 = Release|Any CPU
		{7F6B6A9A-67E6-4C63-B05C-56CEAB404309}.Debug|Any CPU.ActiveCfg = Debug|Any CPU
		{7F6B6A9A-67E6-4C63-B05C-56CEAB404309}.Debug|Any CPU.Build.0 = Debug|Any CPU
		{7F6B6A9A-67E6-4C63-B05C-56CEAB404309}.Release|Any CPU.ActiveCfg = Release|Any CPU
		{7F6B6A9A-67E6-4C63-B05C-56CEAB404309}.Release|Any CPU.Build.0 = Release|Any CPU
		{91FCAE86-83FE-4DD5-8186-98137558F617}.Debug|Any CPU.ActiveCfg = Debug|Any CPU
		{91FCAE86-83FE-4DD5-8186-98137558F617}.Debug|Any CPU.Build.0 = Debug|Any CPU
		{91FCAE86-83FE-4DD5-8186-98137558F617}.Release|Any CPU.ActiveCfg = Release|Any CPU
		{91FCAE86-83FE-4DD5-8186-98137558F617}.Release|Any CPU.Build.0 = Release|Any CPU
		{2639852C-0555-49B5-A873-C0DA6C742595}.Debug|Any CPU.ActiveCfg = Debug|Any CPU
		{2639852C-0555-49B5-A873-C0DA6C742595}.Debug|Any CPU.Build.0 = Debug|Any CPU
		{2639852C-0555-49B5-A873-C0DA6C742595}.Release|Any CPU.ActiveCfg = Release|Any CPU
		{2639852C-0555-49B5-A873-C0DA6C742595}.Release|Any CPU.Build.0 = Release|Any CPU
		{A8EFE499-CEA7-4F9C-A6F6-AA0EB90379A9}.Debug|Any CPU.ActiveCfg = Debug|Any CPU
		{A8EFE499-CEA7-4F9C-A6F6-AA0EB90379A9}.Debug|Any CPU.Build.0 = Debug|Any CPU
		{A8EFE499-CEA7-4F9C-A6F6-AA0EB90379A9}.Release|Any CPU.ActiveCfg = Release|Any CPU
		{A8EFE499-CEA7-4F9C-A6F6-AA0EB90379A9}.Release|Any CPU.Build.0 = Release|Any CPU
		{C2525146-7300-4034-9397-1FA58E39A3FE}.Debug|Any CPU.ActiveCfg = Debug|Any CPU
		{C2525146-7300-4034-9397-1FA58E39A3FE}.Debug|Any CPU.Build.0 = Debug|Any CPU
		{C2525146-7300-4034-9397-1FA58E39A3FE}.Release|Any CPU.ActiveCfg = Release|Any CPU
		{C2525146-7300-4034-9397-1FA58E39A3FE}.Release|Any CPU.Build.0 = Release|Any CPU
		{B1B72523-C768-4F00-B84F-3E8A48D48B8F}.Debug|Any CPU.ActiveCfg = Debug|Any CPU
		{B1B72523-C768-4F00-B84F-3E8A48D48B8F}.Debug|Any CPU.Build.0 = Debug|Any CPU
		{B1B72523-C768-4F00-B84F-3E8A48D48B8F}.Release|Any CPU.ActiveCfg = Release|Any CPU
		{B1B72523-C768-4F00-B84F-3E8A48D48B8F}.Release|Any CPU.Build.0 = Release|Any CPU
		{D10889CF-9080-4F21-B6D0-58F791E41339}.Debug|Any CPU.ActiveCfg = Debug|Any CPU
		{D10889CF-9080-4F21-B6D0-58F791E41339}.Debug|Any CPU.Build.0 = Debug|Any CPU
		{D10889CF-9080-4F21-B6D0-58F791E41339}.Release|Any CPU.ActiveCfg = Release|Any CPU
		{D10889CF-9080-4F21-B6D0-58F791E41339}.Release|Any CPU.Build.0 = Release|Any CPU
	EndGlobalSection
	GlobalSection(SolutionProperties) = preSolution
		HideSolutionNode = FALSE
	EndGlobalSection
	GlobalSection(NestedProjects) = preSolution
		{36B660D7-6CE3-49AF-93CC-E8B932893546} = {34647E83-E7D4-4EF4-9F77-693455619B3A}
		{112DEC3F-A7AF-48D2-ADB3-7406D349833F} = {C8E3A47F-8C24-4001-B688-13012BB82152}
		{AA220FAD-C714-4DA3-B4E2-BB8B735B2CA1} = {C8E3A47F-8C24-4001-B688-13012BB82152}
		{03E0138F-A92B-4D2E-8E1D-2A1F5CBF0863} = {C8E3A47F-8C24-4001-B688-13012BB82152}
		{FC9E25D2-7E21-4F15-8AF4-AD1D50FEC824} = {B8D70E0C-53C9-4496-AA1C-D7AF3A47B119}
		{6B6CA186-5162-4BB7-8302-3BB9E4125D6E} = {34647E83-E7D4-4EF4-9F77-693455619B3A}
		{2A10873E-E4DF-45F9-BE19-6AF189EE4E57} = {34647E83-E7D4-4EF4-9F77-693455619B3A}
		{D9A4297D-3011-457A-97FA-F0A59297D3BE} = {34647E83-E7D4-4EF4-9F77-693455619B3A}
		{7F6B6A9A-67E6-4C63-B05C-56CEAB404309} = {B8D70E0C-53C9-4496-AA1C-D7AF3A47B119}
		{91FCAE86-83FE-4DD5-8186-98137558F617} = {2B0881A3-3E9E-4777-869F-83330D357B6B}
		{2639852C-0555-49B5-A873-C0DA6C742595} = {B8D70E0C-53C9-4496-AA1C-D7AF3A47B119}
		{A8EFE499-CEA7-4F9C-A6F6-AA0EB90379A9} = {2B0881A3-3E9E-4777-869F-83330D357B6B}
		{C2525146-7300-4034-9397-1FA58E39A3FE} = {B8D70E0C-53C9-4496-AA1C-D7AF3A47B119}
		{B1B72523-C768-4F00-B84F-3E8A48D48B8F} = {2B0881A3-3E9E-4777-869F-83330D357B6B}
		{D10889CF-9080-4F21-B6D0-58F791E41339} = {B8D70E0C-53C9-4496-AA1C-D7AF3A47B119}
	EndGlobalSection
EndGlobal
